
Microsoft Visual Studio Solution File, Format Version 12.00
# Visual Studio 15
VisualStudioVersion = 15.0.26430.16
MinimumVisualStudioVersion = 10.0.40219.1
Project("{8BC9CEB8-8B4A-11D0-8D11-00A0C91BC942}") = "Zadatak41", "Zadatak41\Zadatak41.vcxproj", "{CEE1B934-1D9E-4F09-9CFF-1F6B320500D6}"
EndProject
Project("{8BC9CEB8-8B4A-11D0-8D11-00A0C91BC942}") = "zadatak42", "zadatak42\zadatak42.vcxproj", "{99C33581-27A0-4E92-B40C-F20BE1D32FE5}"
EndProject
Project("{8BC9CEB8-8B4A-11D0-8D11-00A0C91BC942}") = "Zadatak43", "Zadatak43\Zadatak43.vcxproj", "{2495B22E-49AF-45BB-A912-F92E44DF7EF6}"
EndProject
Project("{8BC9CEB8-8B4A-11D0-8D11-00A0C91BC942}") = "Zadatak51", "Zadatak51\Zadatak51.vcxproj", "{7BB5304F-C648-4341-B3DE-E317B59F2208}"
EndProject
Project("{8BC9CEB8-8B4A-11D0-8D11-00A0C91BC942}") = "zadatak52", "zadatak52\zadatak52.vcxproj", "{5DEC988A-6004-40D3-8E14-06B4BD89719B}"
EndProject
Project("{8BC9CEB8-8B4A-11D0-8D11-00A0C91BC942}") = "Zadatak53", "Zadatak53\Zadatak53.vcxproj", "{EBAFE746-B2FE-4606-A858-DAC7BCCFAC4C}"
EndProject
Project("{8BC9CEB8-8B4A-11D0-8D11-00A0C91BC942}") = "Zadatak61", "Zadatak61\Zadatak61.vcxproj", "{58A62323-ACCC-4ACA-A75F-9AD37E330E9B}"
EndProject
Project("{8BC9CEB8-8B4A-11D0-8D11-00A0C91BC942}") = "zadatak62", "zadatak62\zadatak62.vcxproj", "{70ACCC02-0EC5-46CF-90BF-06B025FCFB0A}"
EndProject
Project("{8BC9CEB8-8B4A-11D0-8D11-00A0C91BC942}") = "Zadatak63", "Zadatak63\Zadatak63.vcxproj", "{A56F69E2-80EC-45BB-BF4F-594594B75630}"
EndProject
Global
	GlobalSection(SolutionConfigurationPlatforms) = preSolution
		Debug|x64 = Debug|x64
		Debug|x86 = Debug|x86
		Release|x64 = Release|x64
		Release|x86 = Release|x86
	EndGlobalSection
	GlobalSection(ProjectConfigurationPlatforms) = postSolution
		{CEE1B934-1D9E-4F09-9CFF-1F6B320500D6}.Debug|x64.ActiveCfg = Debug|x64
		{CEE1B934-1D9E-4F09-9CFF-1F6B320500D6}.Debug|x64.Build.0 = Debug|x64
		{CEE1B934-1D9E-4F09-9CFF-1F6B320500D6}.Debug|x86.ActiveCfg = Debug|Win32
		{CEE1B934-1D9E-4F09-9CFF-1F6B320500D6}.Debug|x86.Build.0 = Debug|Win32
		{CEE1B934-1D9E-4F09-9CFF-1F6B320500D6}.Release|x64.ActiveCfg = Release|x64
		{CEE1B934-1D9E-4F09-9CFF-1F6B320500D6}.Release|x64.Build.0 = Release|x64
		{CEE1B934-1D9E-4F09-9CFF-1F6B320500D6}.Release|x86.ActiveCfg = Release|Win32
		{CEE1B934-1D9E-4F09-9CFF-1F6B320500D6}.Release|x86.Build.0 = Release|Win32
		{99C33581-27A0-4E92-B40C-F20BE1D32FE5}.Debug|x64.ActiveCfg = Debug|x64
		{99C33581-27A0-4E92-B40C-F20BE1D32FE5}.Debug|x64.Build.0 = Debug|x64
		{99C33581-27A0-4E92-B40C-F20BE1D32FE5}.Debug|x86.ActiveCfg = Debug|Win32
		{99C33581-27A0-4E92-B40C-F20BE1D32FE5}.Debug|x86.Build.0 = Debug|Win32
		{99C33581-27A0-4E92-B40C-F20BE1D32FE5}.Release|x64.ActiveCfg = Release|x64
		{99C33581-27A0-4E92-B40C-F20BE1D32FE5}.Release|x64.Build.0 = Release|x64
		{99C33581-27A0-4E92-B40C-F20BE1D32FE5}.Release|x86.ActiveCfg = Release|Win32
		{99C33581-27A0-4E92-B40C-F20BE1D32FE5}.Release|x86.Build.0 = Release|Win32
		{2495B22E-49AF-45BB-A912-F92E44DF7EF6}.Debug|x64.ActiveCfg = Debug|x64
		{2495B22E-49AF-45BB-A912-F92E44DF7EF6}.Debug|x64.Build.0 = Debug|x64
		{2495B22E-49AF-45BB-A912-F92E44DF7EF6}.Debug|x86.ActiveCfg = Debug|Win32
		{2495B22E-49AF-45BB-A912-F92E44DF7EF6}.Debug|x86.Build.0 = Debug|Win32
		{2495B22E-49AF-45BB-A912-F92E44DF7EF6}.Release|x64.ActiveCfg = Release|x64
		{2495B22E-49AF-45BB-A912-F92E44DF7EF6}.Release|x64.Build.0 = Release|x64
		{2495B22E-49AF-45BB-A912-F92E44DF7EF6}.Release|x86.ActiveCfg = Release|Win32
		{2495B22E-49AF-45BB-A912-F92E44DF7EF6}.Release|x86.Build.0 = Release|Win32
		{7BB5304F-C648-4341-B3DE-E317B59F2208}.Debug|x64.ActiveCfg = Debug|x64
		{7BB5304F-C648-4341-B3DE-E317B59F2208}.Debug|x64.Build.0 = Debug|x64
		{7BB5304F-C648-4341-B3DE-E317B59F2208}.Debug|x86.ActiveCfg = Debug|Win32
		{7BB5304F-C648-4341-B3DE-E317B59F2208}.Debug|x86.Build.0 = Debug|Win32
		{7BB5304F-C648-4341-B3DE-E317B59F2208}.Release|x64.ActiveCfg = Release|x64
		{7BB5304F-C648-4341-B3DE-E317B59F2208}.Release|x64.Build.0 = Release|x64
		{7BB5304F-C648-4341-B3DE-E317B59F2208}.Release|x86.ActiveCfg = Release|Win32
		{7BB5304F-C648-4341-B3DE-E317B59F2208}.Release|x86.Build.0 = Release|Win32
		{5DEC988A-6004-40D3-8E14-06B4BD89719B}.Debug|x64.ActiveCfg = Debug|x64
		{5DEC988A-6004-40D3-8E14-06B4BD89719B}.Debug|x64.Build.0 = Debug|x64
		{5DEC988A-6004-40D3-8E14-06B4BD89719B}.Debug|x86.ActiveCfg = Debug|Win32
		{5DEC988A-6004-40D3-8E14-06B4BD89719B}.Debug|x86.Build.0 = Debug|Win32
		{5DEC988A-6004-40D3-8E14-06B4BD89719B}.Release|x64.ActiveCfg = Release|x64
		{5DEC988A-6004-40D3-8E14-06B4BD89719B}.Release|x64.Build.0 = Release|x64
		{5DEC988A-6004-40D3-8E14-06B4BD89719B}.Release|x86.ActiveCfg = Release|Win32
		{5DEC988A-6004-40D3-8E14-06B4BD89719B}.Release|x86.Build.0 = Release|Win32
		{EBAFE746-B2FE-4606-A858-DAC7BCCFAC4C}.Debug|x64.ActiveCfg = Debug|x64
		{EBAFE746-B2FE-4606-A858-DAC7BCCFAC4C}.Debug|x64.Build.0 = Debug|x64
		{EBAFE746-B2FE-4606-A858-DAC7BCCFAC4C}.Debug|x86.ActiveCfg = Debug|Win32
		{EBAFE746-B2FE-4606-A858-DAC7BCCFAC4C}.Debug|x86.Build.0 = Debug|Win32
		{EBAFE746-B2FE-4606-A858-DAC7BCCFAC4C}.Release|x64.ActiveCfg = Release|x64
		{EBAFE746-B2FE-4606-A858-DAC7BCCFAC4C}.Release|x64.Build.0 = Release|x64
		{EBAFE746-B2FE-4606-A858-DAC7BCCFAC4C}.Release|x86.ActiveCfg = Release|Win32
		{EBAFE746-B2FE-4606-A858-DAC7BCCFAC4C}.Release|x86.Build.0 = Release|Win32
		{58A62323-ACCC-4ACA-A75F-9AD37E330E9B}.Debug|x64.ActiveCfg = Debug|x64
		{58A62323-ACCC-4ACA-A75F-9AD37E330E9B}.Debug|x64.Build.0 = Debug|x64
		{58A62323-ACCC-4ACA-A75F-9AD37E330E9B}.Debug|x86.ActiveCfg = Debug|Win32
		{58A62323-ACCC-4ACA-A75F-9AD37E330E9B}.Debug|x86.Build.0 = Debug|Win32
		{58A62323-ACCC-4ACA-A75F-9AD37E330E9B}.Release|x64.ActiveCfg = Release|x64
		{58A62323-ACCC-4ACA-A75F-9AD37E330E9B}.Release|x64.Build.0 = Release|x64
		{58A62323-ACCC-4ACA-A75F-9AD37E330E9B}.Release|x86.ActiveCfg = Release|Win32
		{58A62323-ACCC-4ACA-A75F-9AD37E330E9B}.Release|x86.Build.0 = Release|Win32
		{70ACCC02-0EC5-46CF-90BF-06B025FCFB0A}.Debug|x64.ActiveCfg = Debug|x64
		{70ACCC02-0EC5-46CF-90BF-06B025FCFB0A}.Debug|x64.Build.0 = Debug|x64
		{70ACCC02-0EC5-46CF-90BF-06B025FCFB0A}.Debug|x86.ActiveCfg = Debug|Win32
		{70ACCC02-0EC5-46CF-90BF-06B025FCFB0A}.Debug|x86.Build.0 = Debug|Win32
		{70ACCC02-0EC5-46CF-90BF-06B025FCFB0A}.Release|x64.ActiveCfg = Release|x64
		{70ACCC02-0EC5-46CF-90BF-06B025FCFB0A}.Release|x64.Build.0 = Release|x64
		{70ACCC02-0EC5-46CF-90BF-06B025FCFB0A}.Release|x86.ActiveCfg = Release|Win32
		{70ACCC02-0EC5-46CF-90BF-06B025FCFB0A}.Release|x86.Build.0 = Release|Win32
		{A56F69E2-80EC-45BB-BF4F-594594B75630}.Debug|x64.ActiveCfg = Debug|x64
		{A56F69E2-80EC-45BB-BF4F-594594B75630}.Debug|x64.Build.0 = Debug|x64
		{A56F69E2-80EC-45BB-BF4F-594594B75630}.Debug|x86.ActiveCfg = Debug|Win32
		{A56F69E2-80EC-45BB-BF4F-594594B75630}.Debug|x86.Build.0 = Debug|Win32
		{A56F69E2-80EC-45BB-BF4F-594594B75630}.Release|x64.ActiveCfg = Release|x64
		{A56F69E2-80EC-45BB-BF4F-594594B75630}.Release|x64.Build.0 = Release|x64
		{A56F69E2-80EC-45BB-BF4F-594594B75630}.Release|x86.ActiveCfg = Release|Win32
		{A56F69E2-80EC-45BB-BF4F-594594B75630}.Release|x86.Build.0 = Release|Win32
	EndGlobalSection
	GlobalSection(SolutionProperties) = preSolution
		HideSolutionNode = FALSE
	EndGlobalSection
EndGlobal
